// !$*UTF8*$!
{
	archiveVersion = 1;
	classes = {
	};
	objectVersion = 77;
	objects = {

/* Begin PBXContainerItemProxy section */
		E527A4672E47DDFE00B3D57D /* PBXContainerItemProxy */ = {
			isa = PBXContainerItemProxy;
			containerPortal = E527A4512E47DDFB00B3D57D /* Project object */;
			proxyType = 1;
			remoteGlobalIDString = E527A4582E47DDFB00B3D57D;
			remoteInfo = calorieTracker;
		};
		E527A4712E47DDFE00B3D57D /* PBXContainerItemProxy */ = {
			isa = PBXContainerItemProxy;
			containerPortal = E527A4512E47DDFB00B3D57D /* Project object */;
			proxyType = 1;
			remoteGlobalIDString = E527A4582E47DDFB00B3D57D;
			remoteInfo = calorieTracker;
		};
/* End PBXContainerItemProxy section */

/* Begin PBXFileReference section */
		E527A4592E47DDFB00B3D57D /* calorieTracker.app */ = {isa = PBXFileReference; explicitFileType = wrapper.application; includeInIndex = 0; path = calorieTracker.app; sourceTree = BUILT_PRODUCTS_DIR; };
		E527A4662E47DDFE00B3D57D /* calorieTrackerTests.xctest */ = {isa = PBXFileReference; explicitFileType = wrapper.cfbundle; includeInIndex = 0; path = calorieTrackerTests.xctest; sourceTree = BUILT_PRODUCTS_DIR; };
		E527A4702E47DDFE00B3D57D /* calorieTrackerUITests.xctest */ = {isa = PBXFileReference; explicitFileType = wrapper.cfbundle; includeInIndex = 0; path = calorieTrackerUITests.xctest; sourceTree = BUILT_PRODUCTS_DIR; };
/* End PBXFileReference section */

/* Begin PBXFileSystemSynchronizedRootGroup section */
		E527A45B2E47DDFB00B3D57D /* calorieTracker */ = {
			isa = PBXFileSystemSynchronizedRootGroup;
			path = calorieTracker;
			sourceTree = "<group>";
		};
		E527A4692E47DDFE00B3D57D /* calorieTrackerTests */ = {
			isa = PBXFileSystemSynchronizedRootGroup;
			path = calorieTrackerTests;
			sourceTree = "<group>";
		};
		E527A4732E47DDFE00B3D57D /* calorieTrackerUITests */ = {
			isa = PBXFileSystemSynchronizedRootGroup;
			path = calorieTrackerUITests;
			sourceTree = "<group>";
		};
/* End PBXFileSystemSynchronizedRootGroup section */

/* Begin PBXFrameworksBuildPhase section */
		E527A4562E47DDFB00B3D57D /* Frameworks */ = {
			isa = PBXFrameworksBuildPhase;
			buildActionMask = 2147483647;
			files = (
			);
			runOnlyForDeploymentPostprocessing = 0;
		};
		E527A4632E47DDFE00B3D57D /* Frameworks */ = {
			isa = PBXFrameworksBuildPhase;
			buildActionMask = 2147483647;
			files = (
			);
			runOnlyForDeploymentPostprocessing = 0;
		};
		E527A46D2E47DDFE00B3D57D /* Frameworks */ = {
			isa = PBXFrameworksBuildPhase;
			buildActionMask = 2147483647;
			files = (
			);
			runOnlyForDeploymentPostprocessing = 0;
		};
/* End PBXFrameworksBuildPhase section */

/* Begin PBXGroup section */
		E527A4502E47DDFB00B3D57D = {
			isa = PBXGroup;
			children = (
				E527A45B2E47DDFB00B3D57D /* calorieTracker */,
				E527A4692E47DDFE00B3D57D /* calorieTrackerTests */,
				E527A4732E47DDFE00B3D57D /* calorieTrackerUITests */,
				E527A45A2E47DDFB00B3D57D /* Products */,
			);
			sourceTree = "<group>";
		};
		E527A45A2E47DDFB00B3D57D /* Products */ = {
			isa = PBXGroup;
			children = (
				E527A4592E47DDFB00B3D57D /* calorieTracker.app */,
				E527A4662E47DDFE00B3D57D /* calorieTrackerTests.xctest */,
				E527A4702E47DDFE00B3D57D /* calorieTrackerUITests.xctest */,
			);
			name = Products;
			sourceTree = "<group>";
		};
/* End PBXGroup section */

/* Begin PBXNativeTarget section */
		E527A4582E47DDFB00B3D57D /* calorieTracker */ = {
			isa = PBXNativeTarget;
			buildConfigurationList = E527A47A2E47DDFE00B3D57D /* Build configuration list for PBXNativeTarget "calorieTracker" */;
			buildPhases = (
				E527A4552E47DDFB00B3D57D /* Sources */,
				E527A4562E47DDFB00B3D57D /* Frameworks */,
				E527A4572E47DDFB00B3D57D /* Resources */,
			);
			buildRules = (
			);
			dependencies = (
			);
			fileSystemSynchronizedGroups = (
				E527A45B2E47DDFB00B3D57D /* calorieTracker */,
			);
			name = calorieTracker;
			packageProductDependencies = (
			);
			productName = calorieTracker;
			productReference = E527A4592E47DDFB00B3D57D /* calorieTracker.app */;
			productType = "com.apple.product-type.application";
		};
		E527A4652E47DDFE00B3D57D /* calorieTrackerTests */ = {
			isa = PBXNativeTarget;
			buildConfigurationList = E527A47D2E47DDFE00B3D57D /* Build configuration list for PBXNativeTarget "calorieTrackerTests" */;
			buildPhases = (
				E527A4622E47DDFE00B3D57D /* Sources */,
				E527A4632E47DDFE00B3D57D /* Frameworks */,
				E527A4642E47DDFE00B3D57D /* Resources */,
			);
			buildRules = (
			);
			dependencies = (
				E527A4682E47DDFE00B3D57D /* PBXTargetDependency */,
			);
			fileSystemSynchronizedGroups = (
				E527A4692E47DDFE00B3D57D /* calorieTrackerTests */,
			);
			name = calorieTrackerTests;
			packageProductDependencies = (
			);
			productName = calorieTrackerTests;
			productReference = E527A4662E47DDFE00B3D57D /* calorieTrackerTests.xctest */;
			productType = "com.apple.product-type.bundle.unit-test";
		};
		E527A46F2E47DDFE00B3D57D /* calorieTrackerUITests */ = {
			isa = PBXNativeTarget;
			buildConfigurationList = E527A4802E47DDFE00B3D57D /* Build configuration list for PBXNativeTarget "calorieTrackerUITests" */;
			buildPhases = (
				E527A46C2E47DDFE00B3D57D /* Sources */,
				E527A46D2E47DDFE00B3D57D /* Frameworks */,
				E527A46E2E47DDFE00B3D57D /* Resources */,
			);
			buildRules = (
			);
			dependencies = (
				E527A4722E47DDFE00B3D57D /* PBXTargetDependency */,
			);
			fileSystemSynchronizedGroups = (
				E527A4732E47DDFE00B3D57D /* calorieTrackerUITests */,
			);
			name = calorieTrackerUITests;
			packageProductDependencies = (
			);
			productName = calorieTrackerUITests;
			productReference = E527A4702E47DDFE00B3D57D /* calorieTrackerUITests.xctest */;
			productType = "com.apple.product-type.bundle.ui-testing";
		};
/* End PBXNativeTarget section */

/* Begin PBXProject section */
		E527A4512E47DDFB00B3D57D /* Project object */ = {
			isa = PBXProject;
			attributes = {
				BuildIndependentTargetsInParallel = 1;
				LastSwiftUpdateCheck = 1640;
				LastUpgradeCheck = 1640;
				TargetAttributes = {
					E527A4582E47DDFB00B3D57D = {
						CreatedOnToolsVersion = 16.4;
					};
					E527A4652E47DDFE00B3D57D = {
						CreatedOnToolsVersion = 16.4;
						TestTargetID = E527A4582E47DDFB00B3D57D;
					};
					E527A46F2E47DDFE00B3D57D = {
						CreatedOnToolsVersion = 16.4;
						TestTargetID = E527A4582E47DDFB00B3D57D;
					};
				};
			};
			buildConfigurationList = E527A4542E47DDFB00B3D57D /* Build configuration list for PBXProject "calorieTracker" */;
			developmentRegion = en;
			hasScannedForEncodings = 0;
			knownRegions = (
				en,
				Base,
			);
			mainGroup = E527A4502E47DDFB00B3D57D;
			minimizedProjectReferenceProxies = 1;
			preferredProjectObjectVersion = 77;
			productRefGroup = E527A45A2E47DDFB00B3D57D /* Products */;
			projectDirPath = "";
			projectRoot = "";
			targets = (
				E527A4582E47DDFB00B3D57D /* calorieTracker */,
				E527A4652E47DDFE00B3D57D /* calorieTrackerTests */,
				E527A46F2E47DDFE00B3D57D /* calorieTrackerUITests */,
			);
		};
/* End PBXProject section */

/* Begin PBXResourcesBuildPhase section */
		E527A4572E47DDFB00B3D57D /* Resources */ = {
			isa = PBXResourcesBuildPhase;
			buildActionMask = 2147483647;
			files = (
			);
			runOnlyForDeploymentPostprocessing = 0;
		};
		E527A4642E47DDFE00B3D57D /* Resources */ = {
			isa = PBXResourcesBuildPhase;
			buildActionMask = 2147483647;
			files = (
			);
			runOnlyForDeploymentPostprocessing = 0;
		};
		E527A46E2E47DDFE00B3D57D /* Resources */ = {
			isa = PBXResourcesBuildPhase;
			buildActionMask = 2147483647;
			files = (
			);
			runOnlyForDeploymentPostprocessing = 0;
		};
/* End PBXResourcesBuildPhase section */

/* Begin PBXSourcesBuildPhase section */
		E527A4552E47DDFB00B3D57D /* Sources */ = {
			isa = PBXSourcesBuildPhase;
			buildActionMask = 2147483647;
			files = (
			);
			runOnlyForDeploymentPostprocessing = 0;
		};
		E527A4622E47DDFE00B3D57D /* Sources */ = {
			isa = PBXSourcesBuildPhase;
			buildActionMask = 2147483647;
			files = (
			);
			runOnlyForDeploymentPostprocessing = 0;
		};
		E527A46C2E47DDFE00B3D57D /* Sources */ = {
			isa = PBXSourcesBuildPhase;
			buildActionMask = 2147483647;
			files = (
			);
			runOnlyForDeploymentPostprocessing = 0;
		};
/* End PBXSourcesBuildPhase section */

/* Begin PBXTargetDependency section */
		E527A4682E47DDFE00B3D57D /* PBXTargetDependency */ = {
			isa = PBXTargetDependency;
			target = E527A4582E47DDFB00B3D57D /* calorieTracker */;
			targetProxy = E527A4672E47DDFE00B3D57D /* PBXContainerItemProxy */;
		};
		E527A4722E47DDFE00B3D57D /* PBXTargetDependency */ = {
			isa = PBXTargetDependency;
			target = E527A4582E47DDFB00B3D57D /* calorieTracker */;
			targetProxy = E527A4712E47DDFE00B3D57D /* PBXContainerItemProxy */;
		};
/* End PBXTargetDependency section */

/* Begin XCBuildConfiguration section */
		E527A4782E47DDFE00B3D57D /* Debug */ = {
			isa = XCBuildConfiguration;
			buildSettings = {
				ALWAYS_SEARCH_USER_PATHS = NO;
				ASSETCATALOG_COMPILER_GENERATE_SWIFT_ASSET_SYMBOL_EXTENSIONS = YES;
				CLANG_ANALYZER_NONNULL = YES;
				CLANG_ANALYZER_NUMBER_OBJECT_CONVERSION = YES_AGGRESSIVE;
				CLANG_CXX_LANGUAGE_STANDARD = "gnu++20";
				CLANG_ENABLE_MODULES = YES;
				CLANG_ENABLE_OBJC_ARC = YES;
				CLANG_ENABLE_OBJC_WEAK = YES;
				CLANG_WARN_BLOCK_CAPTURE_AUTORELEASING = YES;
				CLANG_WARN_BOOL_CONVERSION = YES;
				CLANG_WARN_COMMA = YES;
				CLANG_WARN_CONSTANT_CONVERSION = YES;
				CLANG_WARN_DEPRECATED_OBJC_IMPLEMENTATIONS = YES;
				CLANG_WARN_DIRECT_OBJC_ISA_USAGE = YES_ERROR;
				CLANG_WARN_DOCUMENTATION_COMMENTS = YES;
				CLANG_WARN_EMPTY_BODY = YES;
				CLANG_WARN_ENUM_CONVERSION = YES;
				CLANG_WARN_INFINITE_RECURSION = YES;
				CLANG_WARN_INT_CONVERSION = YES;
				CLANG_WARN_NON_LITERAL_NULL_CONVERSION = YES;
				CLANG_WARN_OBJC_IMPLICIT_RETAIN_SELF = YES;
				CLANG_WARN_OBJC_LITERAL_CONVERSION = YES;
				CLANG_WARN_OBJC_ROOT_CLASS = YES_ERROR;
				CLANG_WARN_QUOTED_INCLUDE_IN_FRAMEWORK_HEADER = YES;
				CLANG_WARN_RANGE_LOOP_ANALYSIS = YES;
				CLANG_WARN_STRICT_PROTOTYPES = YES;
				CLANG_WARN_SUSPICIOUS_MOVE = YES;
				CLANG_WARN_UNGUARDED_AVAILABILITY = YES_AGGRESSIVE;
				CLANG_WARN_UNREACHABLE_CODE = YES;
				CLANG_WARN__DUPLICATE_METHOD_MATCH = YES;
				COPY_PHASE_STRIP = NO;
				DEBUG_INFORMATION_FORMAT = dwarf;
				ENABLE_STRICT_OBJC_MSGSEND = YES;
				ENABLE_TESTABILITY = YES;
				ENABLE_USER_SCRIPT_SANDBOXING = YES;
				GCC_C_LANGUAGE_STANDARD = gnu17;
				GCC_DYNAMIC_NO_PIC = NO;
				GCC_NO_COMMON_BLOCKS = YES;
				GCC_OPTIMIZATION_LEVEL = 0;
				GCC_PREPROCESSOR_DEFINITIONS = (
					"DEBUG=1",
					"$(inherited)",
				);
				GCC_WARN_64_TO_32_BIT_CONVERSION = YES;
				GCC_WARN_ABOUT_RETURN_TYPE = YES_ERROR;
				GCC_WARN_UNDECLARED_SELECTOR = YES;
				GCC_WARN_UNINITIALIZED_AUTOS = YES_AGGRESSIVE;
				GCC_WARN_UNUSED_FUNCTION = YES;
				GCC_WARN_UNUSED_VARIABLE = YES;
				IPHONEOS_DEPLOYMENT_TARGET = 18.5;
				LOCALIZATION_PREFERS_STRING_CATALOGS = YES;
				MTL_ENABLE_DEBUG_INFO = INCLUDE_SOURCE;
				MTL_FAST_MATH = YES;
				ONLY_ACTIVE_ARCH = YES;
				SDKROOT = iphoneos;
				SWIFT_ACTIVE_COMPILATION_CONDITIONS = "DEBUG $(inherited)";
				SWIFT_OPTIMIZATION_LEVEL = "-Onone";
			};
			name = Debug;
		};
		E527A4792E47DDFE00B3D57D /* Release */ = {
			isa = XCBuildConfiguration;
			buildSettings = {
				ALWAYS_SEARCH_USER_PATHS = NO;
				ASSETCATALOG_COMPILER_GENERATE_SWIFT_ASSET_SYMBOL_EXTENSIONS = YES;
				CLANG_ANALYZER_NONNULL = YES;
				CLANG_ANALYZER_NUMBER_OBJECT_CONVERSION = YES_AGGRESSIVE;
				CLANG_CXX_LANGUAGE_STANDARD = "gnu++20";
				CLANG_ENABLE_MODULES = YES;
				CLANG_ENABLE_OBJC_ARC = YES;
				CLANG_ENABLE_OBJC_WEAK = YES;
				CLANG_WARN_BLOCK_CAPTURE_AUTORELEASING = YES;
				CLANG_WARN_BOOL_CONVERSION = YES;
				CLANG_WARN_COMMA = YES;
				CLANG_WARN_CONSTANT_CONVERSION = YES;
				CLANG_WARN_DEPRECATED_OBJC_IMPLEMENTATIONS = YES;
				CLANG_WARN_DIRECT_OBJC_ISA_USAGE = YES_ERROR;
				CLANG_WARN_DOCUMENTATION_COMMENTS = YES;
				CLANG_WARN_EMPTY_BODY = YES;
				CLANG_WARN_ENUM_CONVERSION = YES;
				CLANG_WARN_INFINITE_RECURSION = YES;
				CLANG_WARN_INT_CONVERSION = YES;
				CLANG_WARN_NON_LITERAL_NULL_CONVERSION = YES;
				CLANG_WARN_OBJC_IMPLICIT_RETAIN_SELF = YES;
				CLANG_WARN_OBJC_LITERAL_CONVERSION = YES;
				CLANG_WARN_OBJC_ROOT_CLASS = YES_ERROR;
				CLANG_WARN_QUOTED_INCLUDE_IN_FRAMEWORK_HEADER = YES;
				CLANG_WARN_RANGE_LOOP_ANALYSIS = YES;
				CLANG_WARN_STRICT_PROTOTYPES = YES;
				CLANG_WARN_SUSPICIOUS_MOVE = YES;
				CLANG_WARN_UNGUARDED_AVAILABILITY = YES_AGGRESSIVE;
				CLANG_WARN_UNREACHABLE_CODE = YES;
				CLANG_WARN__DUPLICATE_METHOD_MATCH = YES;
				COPY_PHASE_STRIP = NO;
				DEBUG_INFORMATION_FORMAT = "dwarf-with-dsym";
				ENABLE_NS_ASSERTIONS = NO;
				ENABLE_STRICT_OBJC_MSGSEND = YES;
				ENABLE_USER_SCRIPT_SANDBOXING = YES;
				GCC_C_LANGUAGE_STANDARD = gnu17;
				GCC_NO_COMMON_BLOCKS = YES;
				GCC_WARN_64_TO_32_BIT_CONVERSION = YES;
				GCC_WARN_ABOUT_RETURN_TYPE = YES_ERROR;
				GCC_WARN_UNDECLARED_SELECTOR = YES;
				GCC_WARN_UNINITIALIZED_AUTOS = YES_AGGRESSIVE;
				GCC_WARN_UNUSED_FUNCTION = YES;
				GCC_WARN_UNUSED_VARIABLE = YES;
				IPHONEOS_DEPLOYMENT_TARGET = 18.5;
				LOCALIZATION_PREFERS_STRING_CATALOGS = YES;
				MTL_ENABLE_DEBUG_INFO = NO;
				MTL_FAST_MATH = YES;
				SDKROOT = iphoneos;
				SWIFT_COMPILATION_MODE = wholemodule;
				VALIDATE_PRODUCT = YES;
			};
			name = Release;
		};
		E527A47B2E47DDFE00B3D57D /* Debug */ = {
			isa = XCBuildConfiguration;
			buildSettings = {
				ASSETCATALOG_COMPILER_APPICON_NAME = AppIcon;
				ASSETCATALOG_COMPILER_GLOBAL_ACCENT_COLOR_NAME = AccentColor;
				CODE_SIGN_STYLE = Automatic;
				CURRENT_PROJECT_VERSION = 1;
				ENABLE_PREVIEWS = YES;
				GENERATE_INFOPLIST_FILE = YES;
				INFOPLIST_KEY_UIApplicationSceneManifest_Generation = YES;
				INFOPLIST_KEY_UIApplicationSupportsIndirectInputEvents = YES;
				INFOPLIST_KEY_UILaunchScreen_Generation = YES;
				INFOPLIST_KEY_UISupportedInterfaceOrientations_iPad = "UIInterfaceOrientationPortrait UIInterfaceOrientationPortraitUpsideDown UIInterfaceOrientationLandscapeLeft UIInterfaceOrientationLandscapeRight";
				INFOPLIST_KEY_UISupportedInterfaceOrientations_iPhone = "UIInterfaceOrientationPortrait UIInterfaceOrientationLandscapeLeft UIInterfaceOrientationLandscapeRight";
				LD_RUNPATH_SEARCH_PATHS = (
					"$(inherited)",
					"@executable_path/Frameworks",
				);
				MARKETING_VERSION = 1.0;
				PRODUCT_BUNDLE_IDENTIFIER = com.westminter.calorieTracker;
				PRODUCT_NAME = "$(TARGET_NAME)";
				SWIFT_EMIT_LOC_STRINGS = YES;
				SWIFT_VERSION = 5.0;
				TARGETED_DEVICE_FAMILY = "1,2";
			};
			name = Debug;
		};
		E527A47C2E47DDFE00B3D57D /* Release */ = {
			isa = XCBuildConfiguration;
			buildSettings = {
				ASSETCATALOG_COMPILER_APPICON_NAME = AppIcon;
				ASSETCATALOG_COMPILER_GLOBAL_ACCENT_COLOR_NAME = AccentColor;
				CODE_SIGN_STYLE = Automatic;
				CURRENT_PROJECT_VERSION = 1;
				ENABLE_PREVIEWS = YES;
				GENERATE_INFOPLIST_FILE = YES;
				INFOPLIST_KEY_UIApplicationSceneManifest_Generation = YES;
				INFOPLIST_KEY_UIApplicationSupportsIndirectInputEvents = YES;
				INFOPLIST_KEY_UILaunchScreen_Generation = YES;
				INFOPLIST_KEY_UISupportedInterfaceOrientations_iPad = "UIInterfaceOrientationPortrait UIInterfaceOrientationPortraitUpsideDown UIInterfaceOrientationLandscapeLeft UIInterfaceOrientationLandscapeRight";
				INFOPLIST_KEY_UISupportedInterfaceOrientations_iPhone = "UIInterfaceOrientationPortrait UIInterfaceOrientationLandscapeLeft UIInterfaceOrientationLandscapeRight";
				LD_RUNPATH_SEARCH_PATHS = (
					"$(inherited)",
					"@executable_path/Frameworks",
				);
				MARKETING_VERSION = 1.0;
				PRODUCT_BUNDLE_IDENTIFIER = com.westminter.calorieTracker;
				PRODUCT_NAME = "$(TARGET_NAME)";
				SWIFT_EMIT_LOC_STRINGS = YES;
				SWIFT_VERSION = 5.0;
				TARGETED_DEVICE_FAMILY = "1,2";
			};
			name = Release;
		};
		E527A47E2E47DDFE00B3D57D /* Debug */ = {
			isa = XCBuildConfiguration;
			buildSettings = {
				BUNDLE_LOADER = "$(TEST_HOST)";
				CODE_SIGN_STYLE = Automatic;
				CURRENT_PROJECT_VERSION = 1;
				GENERATE_INFOPLIST_FILE = YES;
				IPHONEOS_DEPLOYMENT_TARGET = 18.5;
				MARKETING_VERSION = 1.0;
				PRODUCT_BUNDLE_IDENTIFIER = com.westminter.calorieTrackerTests;
				PRODUCT_NAME = "$(TARGET_NAME)";
				SWIFT_EMIT_LOC_STRINGS = NO;
				SWIFT_VERSION = 5.0;
				TARGETED_DEVICE_FAMILY = "1,2";
				TEST_HOST = "$(BUILT_PRODUCTS_DIR)/calorieTracker.app/$(BUNDLE_EXECUTABLE_FOLDER_PATH)/calorieTracker";
			};
			name = Debug;
		};
		E527A47F2E47DDFE00B3D57D /* Release */ = {
			isa = XCBuildConfiguration;
			buildSettings = {
				BUNDLE_LOADER = "$(TEST_HOST)";
				CODE_SIGN_STYLE = Automatic;
				CURRENT_PROJECT_VERSION = 1;
				GENERATE_INFOPLIST_FILE = YES;
				IPHONEOS_DEPLOYMENT_TARGET = 18.5;
				MARKETING_VERSION = 1.0;
				PRODUCT_BUNDLE_IDENTIFIER = com.westminter.calorieTrackerTests;
				PRODUCT_NAME = "$(TARGET_NAME)";
				SWIFT_EMIT_LOC_STRINGS = NO;
				SWIFT_VERSION = 5.0;
				TARGETED_DEVICE_FAMILY = "1,2";
				TEST_HOST = "$(BUILT_PRODUCTS_DIR)/calorieTracker.app/$(BUNDLE_EXECUTABLE_FOLDER_PATH)/calorieTracker";
			};
			name = Release;
		};
		E527A4812E47DDFE00B3D57D /* Debug */ = {
			isa = XCBuildConfiguration;
			buildSettings = {
				CODE_SIGN_STYLE = Automatic;
				CURRENT_PROJECT_VERSION = 1;
				GENERATE_INFOPLIST_FILE = YES;
				MARKETING_VERSION = 1.0;
				PRODUCT_BUNDLE_IDENTIFIER = com.westminter.calorieTrackerUITests;
				PRODUCT_NAME = "$(TARGET_NAME)";
				SWIFT_EMIT_LOC_STRINGS = NO;
				SWIFT_VERSION = 5.0;
				TARGETED_DEVICE_FAMILY = "1,2";
				TEST_TARGET_NAME = calorieTracker;
			};
			name = Debug;
		};
		E527A4822E47DDFE00B3D57D /* Release */ = {
			isa = XCBuildConfiguration;
			buildSettings = {
				CODE_SIGN_STYLE = Automatic;
				CURRENT_PROJECT_VERSION = 1;
				GENERATE_INFOPLIST_FILE = YES;
				MARKETING_VERSION = 1.0;
				PRODUCT_BUNDLE_IDENTIFIER = com.westminter.calorieTrackerUITests;
				PRODUCT_NAME = "$(TARGET_NAME)";
				SWIFT_EMIT_LOC_STRINGS = NO;
				SWIFT_VERSION = 5.0;
				TARGETED_DEVICE_FAMILY = "1,2";
				TEST_TARGET_NAME = calorieTracker;
			};
			name = Release;
		};
/* End XCBuildConfiguration section */

/* Begin XCConfigurationList section */
		E527A4542E47DDFB00B3D57D /* Build configuration list for PBXProject "calorieTracker" */ = {
			isa = XCConfigurationList;
			buildConfigurations = (
				E527A4782E47DDFE00B3D57D /* Debug */,
				E527A4792E47DDFE00B3D57D /* Release */,
			);
			defaultConfigurationIsVisible = 0;
			defaultConfigurationName = Release;
		};
		E527A47A2E47DDFE00B3D57D /* Build configuration list for PBXNativeTarget "calorieTracker" */ = {
			isa = XCConfigurationList;
			buildConfigurations = (
				E527A47B2E47DDFE00B3D57D /* Debug */,
				E527A47C2E47DDFE00B3D57D /* Release */,
			);
			defaultConfigurationIsVisible = 0;
			defaultConfigurationName = Release;
		};
		E527A47D2E47DDFE00B3D57D /* Build configuration list for PBXNativeTarget "calorieTrackerTests" */ = {
			isa = XCConfigurationList;
			buildConfigurations = (
				E527A47E2E47DDFE00B3D57D /* Debug */,
				E527A47F2E47DDFE00B3D57D /* Release */,
			);
			defaultConfigurationIsVisible = 0;
			defaultConfigurationName = Release;
		};
		E527A4802E47DDFE00B3D57D /* Build configuration list for PBXNativeTarget "calorieTrackerUITests" */ = {
			isa = XCConfigurationList;
			buildConfigurations = (
				E527A4812E47DDFE00B3D57D /* Debug */,
				E527A4822E47DDFE00B3D57D /* Release */,
			);
			defaultConfigurationIsVisible = 0;
			defaultConfigurationName = Release;
		};
/* End XCConfigurationList section */
	};
	rootObject = E527A4512E47DDFB00B3D57D /* Project object */;
}
